{
  "version": 4,
  "terraform_version": "1.5.7",
  "serial": 44,
  "lineage": "6138aa3c-5b8a-389e-1938-1f881074cfe6",
  "outputs": {
    "vm1_ip_address": {
      "value": "20.102.51.171",
      "type": "string"
    }
  },
  "resources": [
    {
      "mode": "data",
      "type": "azurerm_public_ip",
      "name": "rg1-ip-data",
      "provider": "provider[\"registry.terraform.io/hashicorp/azurerm\"]",
      "instances": [
        {
          "schema_version": 0,
          "attributes": {
            "allocation_method": "Dynamic",
            "domain_name_label": "",
            "fqdn": "",
            "id": "/subscriptions/aff5b933-279e-4f20-9eea-60552917a436/resourceGroups/rg1-terraform/providers/Microsoft.Network/publicIPAddresses/publicip1-terraform",
            "idle_timeout_in_minutes": 4,
            "ip_address": "20.102.51.171",
            "ip_tags": {},
            "ip_version": "IPv4",
            "location": "eastus",
            "name": "publicip1-terraform",
            "resource_group_name": "rg1-terraform",
            "reverse_fqdn": "",
            "sku": "Basic",
            "tags": {
              "environment": "Terraform Demo"
            },
            "timeouts": null,
            "zones": []
          },
          "sensitive_attributes": []
        }
      ]
    },
    {
      "mode": "managed",
      "type": "azurerm_linux_virtual_machine",
      "name": "rg1-vm1",
      "provider": "provider[\"registry.terraform.io/hashicorp/azurerm\"]",
      "instances": [
        {
          "schema_version": 0,
          "attributes": {
            "additional_capabilities": [],
            "admin_password": null,
            "admin_ssh_key": [
              {
                "public_key": "ssh-rsa AAAAB3NzaC1yc2EAAAADAQABAAABgQDJKOUWV+jaYvSEqpMJlKD2e54zjZ0BdoFfRlDs1G61ItCcfoLJJqg8/HpcUteHm2DcELN/4EpmwfKg0SiXq59I0XIZi+kUwxaHWrkilyON8eUUJTunzsSXMFBE2Kz2zLdcKzjlF4vvccT43eXs1KAmN1ci5aR/AQD3TQPC8SdOXqCyjINxem4nj8OKaPPOu5fToqiH5oxqFnx2uB/l55OJbqcPocO7/Z544UMoZpfZquq1TPuCxA7BoDv2bp4d2blo2t425sw0bAOv9Sq0x4+A7NGb3uYEPuz1QBN3HcWJ/M34/bvI1DSLUVSW+PNm/jXIH1G5rzod4LAJog2m5ojcaP9vgmisN1mAA226EYs540cNW+fXJNWSicpniOjAlTSlfqRvj8wqEc5dXXEwdWOFf8VWyjrareGh2Hy+qK6EwpGTXegYS74wBGgXJKY0fIMHJxiRrF7TTPV6kScwMcx1DzHEJlhJlLBBTfERhHQ5fvxcsd29CJOqIt4+qVrA5gM= biswanathdehury@Biswanaths-MacBook-Pro.local\n",
                "username": "azureadmin"
              }
            ],
            "admin_username": "azureadmin",
            "allow_extension_operations": true,
            "availability_set_id": "",
            "boot_diagnostics": [],
            "computer_name": "rg1-vm1",
            "custom_data": "IyEvYmluL2Jhc2gKc3VkbyBhcHQtZ2V0IHVwZGF0ZSAteSAmJgpzdWRvIGFwdC1nZXQgaW5zdGFsbCAteSBcCmFwdC10cmFuc3BvcnQtaHR0cHMgXApjYS1jZXJ0aWZpY2F0ZXMgXApjdXJsIFwKZ251cGctYWdlbnQgXApzb2Z0d2FyZS1wcm9wZXJ0aWVzLWNvbW1vbiAmJgpjdXJsIC1mc1NMIGh0dHBzOi8vZG93bmxvYWQuZG9ja2VyLmNvbS9saW51eC91YnVudHUvZ3BnIHwgc3VkbyBhcHQta2V5IGFkZCAtJiYKc3VkbyBhZGQtYXB0LXJlcG9zaXRvcnkgImRlYiBbYXJjaD1hbWQ2NF0gaHR0cHM6Ly9kb3dubG9hZC5kb2NrZXIuY29tL2xpbnV4L3VidW50dSAkKGxzYl9yZWxlYXNlIC1jcykgc3RhYmxlIiAmJgpzdWRvIGFwdC1nZXQgdXBkYXRlIC15ICYmCnN1ZG8gc3VkbyBhcHQtZ2V0IGluc3RhbGwgZG9ja2VyLWNlIGRvY2tlci1jZS1jbGkgY29udGFpbmVyZC5pbyAteSAmJgpzdWRvIHVzZXJtb2QgLWFHIGRvY2tlciB1YnVudHU=",
            "dedicated_host_group_id": "",
            "dedicated_host_id": "",
            "disable_password_authentication": true,
            "edge_zone": "",
            "encryption_at_host_enabled": false,
            "eviction_policy": "",
            "extensions_time_budget": "PT1H30M",
            "id": "/subscriptions/aff5b933-279e-4f20-9eea-60552917a436/resourceGroups/rg1-terraform/providers/Microsoft.Compute/virtualMachines/rg1-vm1",
            "identity": [],
            "license_type": "",
            "location": "eastus",
            "max_bid_price": -1,
            "name": "rg1-vm1",
            "network_interface_ids": [
              "/subscriptions/aff5b933-279e-4f20-9eea-60552917a436/resourceGroups/rg1-terraform/providers/Microsoft.Network/networkInterfaces/rg1-nic"
            ],
            "os_disk": [
              {
                "caching": "ReadWrite",
                "diff_disk_settings": [],
                "disk_encryption_set_id": "",
                "disk_size_gb": 30,
                "name": "rg1-vm1-osdisk",
                "storage_account_type": "Standard_LRS",
                "write_accelerator_enabled": false
              }
            ],
            "patch_mode": "ImageDefault",
            "plan": [],
            "platform_fault_domain": -1,
            "priority": "Regular",
            "private_ip_address": "10.0.0.4",
            "private_ip_addresses": [
              "10.0.0.4"
            ],
            "provision_vm_agent": true,
            "proximity_placement_group_id": "",
            "public_ip_address": "20.102.51.171",
            "public_ip_addresses": [
              "20.102.51.171"
            ],
            "resource_group_name": "rg1-terraform",
            "secret": [],
            "secure_boot_enabled": false,
            "size": "Standard_DS1_v2",
            "source_image_id": "",
            "source_image_reference": [
              {
                "offer": "UbuntuServer",
                "publisher": "Canonical",
                "sku": "16.04-LTS",
                "version": "latest"
              }
            ],
            "tags": {
              "environment": "Terraform Demo"
            },
            "termination_notification": [],
            "timeouts": null,
            "user_data": "",
            "virtual_machine_id": "b0812042-64ea-43b9-9dc3-ac148eb32ac5",
            "virtual_machine_scale_set_id": "",
            "vtpm_enabled": false,
            "zone": ""
          },
          "sensitive_attributes": [],
          "private": "eyJlMmJmYjczMC1lY2FhLTExZTYtOGY4OC0zNDM2M2JjN2M0YzAiOnsiY3JlYXRlIjoyNzAwMDAwMDAwMDAwLCJkZWxldGUiOjI3MDAwMDAwMDAwMDAsInJlYWQiOjMwMDAwMDAwMDAwMCwidXBkYXRlIjoyNzAwMDAwMDAwMDAwfX0=",
          "dependencies": [
            "azurerm_network_interface.rg1-nic",
            "azurerm_public_ip.vnet1-publicip1",
            "azurerm_resource_group.rg1",
            "azurerm_subnet.vnet1-subnet1",
            "azurerm_virtual_network.vnet1"
          ]
        }
      ]
    },
    {
      "mode": "managed",
      "type": "azurerm_network_interface",
      "name": "rg1-nic",
      "provider": "provider[\"registry.terraform.io/hashicorp/azurerm\"]",
      "instances": [
        {
          "schema_version": 0,
          "attributes": {
            "applied_dns_servers": [],
            "dns_servers": [],
            "edge_zone": "",
            "enable_accelerated_networking": false,
            "enable_ip_forwarding": false,
            "id": "/subscriptions/aff5b933-279e-4f20-9eea-60552917a436/resourceGroups/rg1-terraform/providers/Microsoft.Network/networkInterfaces/rg1-nic",
            "internal_dns_name_label": "",
            "internal_domain_name_suffix": "zxb3bhvlp2mevo0ahvfzngtf5b.bx.internal.cloudapp.net",
            "ip_configuration": [
              {
                "gateway_load_balancer_frontend_ip_configuration_id": "",
                "name": "internal",
                "primary": true,
                "private_ip_address": "10.0.0.4",
                "private_ip_address_allocation": "Dynamic",
                "private_ip_address_version": "IPv4",
                "public_ip_address_id": "/subscriptions/aff5b933-279e-4f20-9eea-60552917a436/resourceGroups/rg1-terraform/providers/Microsoft.Network/publicIPAddresses/publicip1-terraform",
                "subnet_id": "/subscriptions/aff5b933-279e-4f20-9eea-60552917a436/resourceGroups/rg1-terraform/providers/Microsoft.Network/virtualNetworks/vnet1-terraform/subnets/subnet1"
              }
            ],
            "location": "eastus",
            "mac_address": "00-22-48-2D-75-16",
            "name": "rg1-nic",
            "private_ip_address": "10.0.0.4",
            "private_ip_addresses": [
              "10.0.0.4"
            ],
            "resource_group_name": "rg1-terraform",
            "tags": {
              "environment": "Terraform Demo"
            },
            "timeouts": null,
            "virtual_machine_id": "/subscriptions/aff5b933-279e-4f20-9eea-60552917a436/resourceGroups/rg1-terraform/providers/Microsoft.Compute/virtualMachines/rg1-vm1"
          },
          "sensitive_attributes": [],
          "private": "eyJlMmJmYjczMC1lY2FhLTExZTYtOGY4OC0zNDM2M2JjN2M0YzAiOnsiY3JlYXRlIjoxODAwMDAwMDAwMDAwLCJkZWxldGUiOjE4MDAwMDAwMDAwMDAsInJlYWQiOjMwMDAwMDAwMDAwMCwidXBkYXRlIjoxODAwMDAwMDAwMDAwfX0=",
          "dependencies": [
            "azurerm_public_ip.vnet1-publicip1",
            "azurerm_resource_group.rg1",
            "azurerm_subnet.vnet1-subnet1",
            "azurerm_virtual_network.vnet1"
          ]
        }
      ]
    },
    {
      "mode": "managed",
      "type": "azurerm_network_security_group",
      "name": "nsg1",
      "provider": "provider[\"registry.terraform.io/hashicorp/azurerm\"]",
      "instances": [
        {
          "schema_version": 0,
          "attributes": {
            "id": "/subscriptions/aff5b933-279e-4f20-9eea-60552917a436/resourceGroups/rg1-terraform/providers/Microsoft.Network/networkSecurityGroups/nsg1-terraform",
            "location": "eastus",
            "name": "nsg1-terraform",
            "resource_group_name": "rg1-terraform",
            "security_rule": [
              {
                "access": "Allow",
                "description": "",
                "destination_address_prefix": "*",
                "destination_address_prefixes": [],
                "destination_application_security_group_ids": [],
                "destination_port_range": "22",
                "destination_port_ranges": [],
                "direction": "Inbound",
                "name": "nsg1_rule",
                "priority": 100,
                "protocol": "*",
                "source_address_prefix": "*",
                "source_address_prefixes": [],
                "source_application_security_group_ids": [],
                "source_port_range": "*",
                "source_port_ranges": []
              }
            ],
            "tags": {
              "environment": "Terraform Demo"
            },
            "timeouts": null
          },
          "sensitive_attributes": [],
          "private": "eyJlMmJmYjczMC1lY2FhLTExZTYtOGY4OC0zNDM2M2JjN2M0YzAiOnsiY3JlYXRlIjoxODAwMDAwMDAwMDAwLCJkZWxldGUiOjE4MDAwMDAwMDAwMDAsInJlYWQiOjMwMDAwMDAwMDAwMCwidXBkYXRlIjoxODAwMDAwMDAwMDAwfX0=",
          "dependencies": [
            "azurerm_resource_group.rg1"
          ]
        }
      ]
    },
    {
      "mode": "managed",
      "type": "azurerm_network_security_rule",
      "name": "nsg1_rule1",
      "provider": "provider[\"registry.terraform.io/hashicorp/azurerm\"]",
      "instances": [
        {
          "schema_version": 0,
          "attributes": {
            "access": "Allow",
            "description": "",
            "destination_address_prefix": "*",
            "destination_address_prefixes": [],
            "destination_application_security_group_ids": [],
            "destination_port_range": "22",
            "destination_port_ranges": [],
            "direction": "Inbound",
            "id": "/subscriptions/aff5b933-279e-4f20-9eea-60552917a436/resourceGroups/rg1-terraform/providers/Microsoft.Network/networkSecurityGroups/nsg1-terraform/securityRules/nsg1_rule",
            "name": "nsg1_rule",
            "network_security_group_name": "nsg1-terraform",
            "priority": 100,
            "protocol": "*",
            "resource_group_name": "rg1-terraform",
            "source_address_prefix": "*",
            "source_address_prefixes": [],
            "source_application_security_group_ids": [],
            "source_port_range": "*",
            "source_port_ranges": [],
            "timeouts": null
          },
          "sensitive_attributes": [],
          "private": "eyJlMmJmYjczMC1lY2FhLTExZTYtOGY4OC0zNDM2M2JjN2M0YzAiOnsiY3JlYXRlIjoxODAwMDAwMDAwMDAwLCJkZWxldGUiOjE4MDAwMDAwMDAwMDAsInJlYWQiOjMwMDAwMDAwMDAwMCwidXBkYXRlIjoxODAwMDAwMDAwMDAwfX0=",
          "dependencies": [
            "azurerm_network_security_group.nsg1",
            "azurerm_resource_group.rg1"
          ]
        }
      ]
    },
    {
      "mode": "managed",
      "type": "azurerm_public_ip",
      "name": "vnet1-publicip1",
      "provider": "provider[\"registry.terraform.io/hashicorp/azurerm\"]",
      "instances": [
        {
          "schema_version": 0,
          "attributes": {
            "allocation_method": "Dynamic",
            "domain_name_label": null,
            "edge_zone": "",
            "fqdn": null,
            "id": "/subscriptions/aff5b933-279e-4f20-9eea-60552917a436/resourceGroups/rg1-terraform/providers/Microsoft.Network/publicIPAddresses/publicip1-terraform",
            "idle_timeout_in_minutes": 4,
            "ip_address": "20.102.51.171",
            "ip_tags": {},
            "ip_version": "IPv4",
            "location": "eastus",
            "name": "publicip1-terraform",
            "public_ip_prefix_id": null,
            "resource_group_name": "rg1-terraform",
            "reverse_fqdn": null,
            "sku": "Basic",
            "sku_tier": "Regional",
            "tags": {
              "environment": "Terraform Demo"
            },
            "timeouts": null,
            "zones": []
          },
          "sensitive_attributes": [],
          "private": "eyJlMmJmYjczMC1lY2FhLTExZTYtOGY4OC0zNDM2M2JjN2M0YzAiOnsiY3JlYXRlIjoxODAwMDAwMDAwMDAwLCJkZWxldGUiOjE4MDAwMDAwMDAwMDAsInJlYWQiOjMwMDAwMDAwMDAwMCwidXBkYXRlIjoxODAwMDAwMDAwMDAwfX0=",
          "dependencies": [
            "azurerm_resource_group.rg1"
          ]
        }
      ]
    },
    {
      "mode": "managed",
      "type": "azurerm_resource_group",
      "name": "rg1",
      "provider": "provider[\"registry.terraform.io/hashicorp/azurerm\"]",
      "instances": [
        {
          "schema_version": 0,
          "attributes": {
            "id": "/subscriptions/aff5b933-279e-4f20-9eea-60552917a436/resourceGroups/rg1-terraform",
            "location": "eastus",
            "name": "rg1-terraform",
            "tags": {
              "environment": "Terraform Demo"
            },
            "timeouts": null
          },
          "sensitive_attributes": [],
          "private": "eyJlMmJmYjczMC1lY2FhLTExZTYtOGY4OC0zNDM2M2JjN2M0YzAiOnsiY3JlYXRlIjo1NDAwMDAwMDAwMDAwLCJkZWxldGUiOjU0MDAwMDAwMDAwMDAsInJlYWQiOjMwMDAwMDAwMDAwMCwidXBkYXRlIjo1NDAwMDAwMDAwMDAwfX0="
        }
      ]
    },
    {
      "mode": "managed",
      "type": "azurerm_subnet",
      "name": "vnet1-subnet1",
      "provider": "provider[\"registry.terraform.io/hashicorp/azurerm\"]",
      "instances": [
        {
          "schema_version": 0,
          "attributes": {
            "address_prefixes": [
              "10.0.0.0/24"
            ],
            "delegation": [],
            "enforce_private_link_endpoint_network_policies": false,
            "enforce_private_link_service_network_policies": false,
            "id": "/subscriptions/aff5b933-279e-4f20-9eea-60552917a436/resourceGroups/rg1-terraform/providers/Microsoft.Network/virtualNetworks/vnet1-terraform/subnets/subnet1",
            "name": "subnet1",
            "resource_group_name": "rg1-terraform",
            "service_endpoint_policy_ids": [],
            "service_endpoints": [],
            "timeouts": null,
            "virtual_network_name": "vnet1-terraform"
          },
          "sensitive_attributes": [],
          "private": "eyJlMmJmYjczMC1lY2FhLTExZTYtOGY4OC0zNDM2M2JjN2M0YzAiOnsiY3JlYXRlIjoxODAwMDAwMDAwMDAwLCJkZWxldGUiOjE4MDAwMDAwMDAwMDAsInJlYWQiOjMwMDAwMDAwMDAwMCwidXBkYXRlIjoxODAwMDAwMDAwMDAwfX0=",
          "dependencies": [
            "azurerm_resource_group.rg1",
            "azurerm_virtual_network.vnet1"
          ]
        }
      ]
    },
    {
      "mode": "managed",
      "type": "azurerm_subnet",
      "name": "vnet1-subnet2",
      "provider": "provider[\"registry.terraform.io/hashicorp/azurerm\"]",
      "instances": [
        {
          "schema_version": 0,
          "attributes": {
            "address_prefixes": [
              "10.0.1.0/24"
            ],
            "delegation": [],
            "enforce_private_link_endpoint_network_policies": false,
            "enforce_private_link_service_network_policies": false,
            "id": "/subscriptions/aff5b933-279e-4f20-9eea-60552917a436/resourceGroups/rg1-terraform/providers/Microsoft.Network/virtualNetworks/vnet1-terraform/subnets/subnet2",
            "name": "subnet2",
            "resource_group_name": "rg1-terraform",
            "service_endpoint_policy_ids": [],
            "service_endpoints": [],
            "timeouts": null,
            "virtual_network_name": "vnet1-terraform"
          },
          "sensitive_attributes": [],
          "private": "eyJlMmJmYjczMC1lY2FhLTExZTYtOGY4OC0zNDM2M2JjN2M0YzAiOnsiY3JlYXRlIjoxODAwMDAwMDAwMDAwLCJkZWxldGUiOjE4MDAwMDAwMDAwMDAsInJlYWQiOjMwMDAwMDAwMDAwMCwidXBkYXRlIjoxODAwMDAwMDAwMDAwfX0=",
          "dependencies": [
            "azurerm_resource_group.rg1",
            "azurerm_virtual_network.vnet1"
          ]
        }
      ]
    },
    {
      "mode": "managed",
      "type": "azurerm_subnet_network_security_group_association",
      "name": "nsg1_vnet1-subnet1",
      "provider": "provider[\"registry.terraform.io/hashicorp/azurerm\"]",
      "instances": [
        {
          "schema_version": 0,
          "attributes": {
            "id": "/subscriptions/aff5b933-279e-4f20-9eea-60552917a436/resourceGroups/rg1-terraform/providers/Microsoft.Network/virtualNetworks/vnet1-terraform/subnets/subnet1",
            "network_security_group_id": "/subscriptions/aff5b933-279e-4f20-9eea-60552917a436/resourceGroups/rg1-terraform/providers/Microsoft.Network/networkSecurityGroups/nsg1-terraform",
            "subnet_id": "/subscriptions/aff5b933-279e-4f20-9eea-60552917a436/resourceGroups/rg1-terraform/providers/Microsoft.Network/virtualNetworks/vnet1-terraform/subnets/subnet1",
            "timeouts": null
          },
          "sensitive_attributes": [],
          "private": "eyJlMmJmYjczMC1lY2FhLTExZTYtOGY4OC0zNDM2M2JjN2M0YzAiOnsiY3JlYXRlIjoxODAwMDAwMDAwMDAwLCJkZWxldGUiOjE4MDAwMDAwMDAwMDAsInJlYWQiOjMwMDAwMDAwMDAwMCwidXBkYXRlIjoxODAwMDAwMDAwMDAwfX0=",
          "dependencies": [
            "azurerm_network_security_group.nsg1",
            "azurerm_resource_group.rg1",
            "azurerm_subnet.vnet1-subnet1",
            "azurerm_virtual_network.vnet1"
          ]
        }
      ]
    },
    {
      "mode": "managed",
      "type": "azurerm_subnet_network_security_group_association",
      "name": "nsg1_vnet1-subnet2",
      "provider": "provider[\"registry.terraform.io/hashicorp/azurerm\"]",
      "instances": [
        {
          "schema_version": 0,
          "attributes": {
            "id": "/subscriptions/aff5b933-279e-4f20-9eea-60552917a436/resourceGroups/rg1-terraform/providers/Microsoft.Network/virtualNetworks/vnet1-terraform/subnets/subnet2",
            "network_security_group_id": "/subscriptions/aff5b933-279e-4f20-9eea-60552917a436/resourceGroups/rg1-terraform/providers/Microsoft.Network/networkSecurityGroups/nsg1-terraform",
            "subnet_id": "/subscriptions/aff5b933-279e-4f20-9eea-60552917a436/resourceGroups/rg1-terraform/providers/Microsoft.Network/virtualNetworks/vnet1-terraform/subnets/subnet2",
            "timeouts": null
          },
          "sensitive_attributes": [],
          "private": "eyJlMmJmYjczMC1lY2FhLTExZTYtOGY4OC0zNDM2M2JjN2M0YzAiOnsiY3JlYXRlIjoxODAwMDAwMDAwMDAwLCJkZWxldGUiOjE4MDAwMDAwMDAwMDAsInJlYWQiOjMwMDAwMDAwMDAwMCwidXBkYXRlIjoxODAwMDAwMDAwMDAwfX0=",
          "dependencies": [
            "azurerm_network_security_group.nsg1",
            "azurerm_resource_group.rg1",
            "azurerm_subnet.vnet1-subnet2",
            "azurerm_virtual_network.vnet1"
          ]
        }
      ]
    },
    {
      "mode": "managed",
      "type": "azurerm_virtual_network",
      "name": "vnet1",
      "provider": "provider[\"registry.terraform.io/hashicorp/azurerm\"]",
      "instances": [
        {
          "schema_version": 0,
          "attributes": {
            "address_space": [
              "10.0.0.0/16"
            ],
            "bgp_community": "",
            "ddos_protection_plan": [],
            "dns_servers": [],
            "edge_zone": "",
            "flow_timeout_in_minutes": 0,
            "guid": "9ed0c3cd-7fab-4a18-bb40-3d4b969a65f9",
            "id": "/subscriptions/aff5b933-279e-4f20-9eea-60552917a436/resourceGroups/rg1-terraform/providers/Microsoft.Network/virtualNetworks/vnet1-terraform",
            "location": "eastus",
            "name": "vnet1-terraform",
            "resource_group_name": "rg1-terraform",
            "subnet": [
              {
                "address_prefix": "10.0.0.0/24",
                "id": "/subscriptions/aff5b933-279e-4f20-9eea-60552917a436/resourceGroups/rg1-terraform/providers/Microsoft.Network/virtualNetworks/vnet1-terraform/subnets/subnet1",
                "name": "subnet1",
                "security_group": "/subscriptions/aff5b933-279e-4f20-9eea-60552917a436/resourceGroups/rg1-terraform/providers/Microsoft.Network/networkSecurityGroups/nsg1-terraform"
              },
              {
                "address_prefix": "10.0.1.0/24",
                "id": "/subscriptions/aff5b933-279e-4f20-9eea-60552917a436/resourceGroups/rg1-terraform/providers/Microsoft.Network/virtualNetworks/vnet1-terraform/subnets/subnet2",
                "name": "subnet2",
                "security_group": "/subscriptions/aff5b933-279e-4f20-9eea-60552917a436/resourceGroups/rg1-terraform/providers/Microsoft.Network/networkSecurityGroups/nsg1-terraform"
              }
            ],
            "tags": {
              "environment": "Terraform Demo"
            },
            "timeouts": null
          },
          "sensitive_attributes": [],
          "private": "eyJlMmJmYjczMC1lY2FhLTExZTYtOGY4OC0zNDM2M2JjN2M0YzAiOnsiY3JlYXRlIjoxODAwMDAwMDAwMDAwLCJkZWxldGUiOjE4MDAwMDAwMDAwMDAsInJlYWQiOjMwMDAwMDAwMDAwMCwidXBkYXRlIjoxODAwMDAwMDAwMDAwfX0=",
          "dependencies": [
            "azurerm_resource_group.rg1"
          ]
        }
      ]
    }
  ],
  "check_results": null
}
